
Microsoft Visual Studio Solution File, Format Version 12.00
# Visual Studio Version 16
VisualStudioVersion = 16.0.29613.14
MinimumVisualStudioVersion = 10.0.40219.1
Project("{888888A0-9F3D-457C-B088-3A5042F75D52}") = "sjtusite1", "sjtusite1.pyproj", "{56DB2E29-AF3B-46DB-BD65-D71AF35E7361}"
EndProject
Global
	GlobalSection(SolutionConfigurationPlatforms) = preSolution
		Debug|Any CPU = Debug|Any CPU
		Release|Any CPU = Release|Any CPU
	EndGlobalSection
	GlobalSection(ProjectConfigurationPlatforms) = postSolution
		{56DB2E29-AF3B-46DB-BD65-D71AF35E7361}.Debug|Any CPU.ActiveCfg = Debug|Any CPU
		{56DB2E29-AF3B-46DB-BD65-D71AF35E7361}.Debug|Any CPU.Build.0 = Debug|Any CPU
		{56DB2E29-AF3B-46DB-BD65-D71AF35E7361}.Release|Any CPU.ActiveCfg = Release|Any CPU
		{56DB2E29-AF3B-46DB-BD65-D71AF35E7361}.Release|Any CPU.Build.0 = Release|Any CPU
	EndGlobalSection
	GlobalSection(SolutionProperties) = preSolution
		HideSolutionNode = FALSE
	EndGlobalSection
	GlobalSection(ExtensibilityGlobals) = postSolution
		SolutionGuid = {106061D4-A977-4C66-A8DC-F2EB51B6A4DA}
	EndGlobalSection
EndGlobal
